
Microsoft Visual Studio Solution File, Format Version 12.00
# Visual Studio Version 17
VisualStudioVersion = 17.0.31903.59
MinimumVisualStudioVersion = 10.0.40219.1
Project("{FAE04EC0-301F-11D3-BF4B-00C04F79EFBC}") = "PasswordHashConsoleApp", "PasswordHashConsoleApp\PasswordHashConsoleApp.csproj", "{CF57B647-2405-45F0-90D1-38534C16184B}"
EndProject
Global
	GlobalSection(SolutionConfigurationPlatforms) = preSolution
		Debug|Any CPU = Debug|Any CPU
		Release|Any CPU = Release|Any CPU
	EndGlobalSection
	GlobalSection(ProjectConfigurationPlatforms) = postSolution
		{CF57B647-2405-45F0-90D1-38534C16184B}.Debug|Any CPU.ActiveCfg = Debug|Any CPU
		{CF57B647-2405-45F0-90D1-38534C16184B}.Debug|Any CPU.Build.0 = Debug|Any CPU
		{CF57B647-2405-45F0-90D1-38534C16184B}.Release|Any CPU.ActiveCfg = Release|Any CPU
		{CF57B647-2405-45F0-90D1-38534C16184B}.Release|Any CPU.Build.0 = Release|Any CPU
	EndGlobalSection
	GlobalSection(SolutionProperties) = preSolution
		HideSolutionNode = FALSE
	EndGlobalSection
	GlobalSection(ExtensibilityGlobals) = postSolution
		SolutionGuid = {F8A15B0D-8267-4655-926A-80416CA05F90}
	EndGlobalSection
EndGlobal
