
Microsoft Visual Studio Solution File, Format Version 12.00
# Visual Studio Version 17
VisualStudioVersion = 17.7.34031.279
MinimumVisualStudioVersion = 10.0.40219.1
Project("{2150E333-8FDC-42A3-9474-1A3956D46DE8}") = "src", "src", "{C32C8A7C-BF8A-4656-8A85-6C055D21C739}"
EndProject
Project("{2150E333-8FDC-42A3-9474-1A3956D46DE8}") = "tests", "tests", "{E0049658-FB24-48F0-875A-EB0376AA99A1}"
EndProject
Project("{9A19103F-16F7-4668-BE54-9A1E7A4F7556}") = "WEBAPI.Api", "scr\WEBAPI.Api\WEBAPI.Api.csproj", "{8E85F281-605C-42F8-843B-3267401D79F4}"
EndProject
Project("{9A19103F-16F7-4668-BE54-9A1E7A4F7556}") = "WEBAPI.Common", "scr\WEBAPI.Common\WEBAPI.Common.csproj", "{C06F2E7A-25D4-4EB1-AE9F-DD7FE763F3EC}"
EndProject
Project("{9A19103F-16F7-4668-BE54-9A1E7A4F7556}") = "WEBAPI.Domain", "scr\WEBAPI.Domain\WEBAPI.Domain.csproj", "{948ED5F3-3AAC-4882-8E3B-9E0A23BEBCBE}"
EndProject
Project("{9A19103F-16F7-4668-BE54-9A1E7A4F7556}") = "WEBAPI.Infrastructure", "scr\WEBAPI.Infrastructure\WEBAPI.Infrastructure.csproj", "{4D769EEA-9E99-4157-904D-EAD88E776B9D}"
EndProject
Project("{9A19103F-16F7-4668-BE54-9A1E7A4F7556}") = "WEBAPI.Service", "scr\WEBAPI.Service\WEBAPI.Service.csproj", "{369A5881-94A5-4C35-8BD1-D8C3676B6F56}"
EndProject
Project("{9A19103F-16F7-4668-BE54-9A1E7A4F7556}") = "WEBAPI.IntegrationTests", "tests\WEBAPI.IntegrationTests\WEBAPI.IntegrationTests.csproj", "{470E7AB5-7DA6-415E-B641-83172B0BEB96}"
EndProject
Project("{9A19103F-16F7-4668-BE54-9A1E7A4F7556}") = "WEBAPI.UnitTests", "tests\WEBAPI.UnitTests\WEBAPI.UnitTests.csproj", "{F5621FE2-9A4F-43ED-BAF0-D36A2C09E037}"
EndProject
Global
	GlobalSection(SolutionConfigurationPlatforms) = preSolution
		Debug|Any CPU = Debug|Any CPU
		Release|Any CPU = Release|Any CPU
	EndGlobalSection
	GlobalSection(ProjectConfigurationPlatforms) = postSolution
		{8E85F281-605C-42F8-843B-3267401D79F4}.Debug|Any CPU.ActiveCfg = Debug|Any CPU
		{8E85F281-605C-42F8-843B-3267401D79F4}.Debug|Any CPU.Build.0 = Debug|Any CPU
		{8E85F281-605C-42F8-843B-3267401D79F4}.Release|Any CPU.ActiveCfg = Release|Any CPU
		{8E85F281-605C-42F8-843B-3267401D79F4}.Release|Any CPU.Build.0 = Release|Any CPU
		{C06F2E7A-25D4-4EB1-AE9F-DD7FE763F3EC}.Debug|Any CPU.ActiveCfg = Debug|Any CPU
		{C06F2E7A-25D4-4EB1-AE9F-DD7FE763F3EC}.Debug|Any CPU.Build.0 = Debug|Any CPU
		{C06F2E7A-25D4-4EB1-AE9F-DD7FE763F3EC}.Release|Any CPU.ActiveCfg = Release|Any CPU
		{C06F2E7A-25D4-4EB1-AE9F-DD7FE763F3EC}.Release|Any CPU.Build.0 = Release|Any CPU
		{948ED5F3-3AAC-4882-8E3B-9E0A23BEBCBE}.Debug|Any CPU.ActiveCfg = Debug|Any CPU
		{948ED5F3-3AAC-4882-8E3B-9E0A23BEBCBE}.Debug|Any CPU.Build.0 = Debug|Any CPU
		{948ED5F3-3AAC-4882-8E3B-9E0A23BEBCBE}.Release|Any CPU.ActiveCfg = Release|Any CPU
		{948ED5F3-3AAC-4882-8E3B-9E0A23BEBCBE}.Release|Any CPU.Build.0 = Release|Any CPU
		{4D769EEA-9E99-4157-904D-EAD88E776B9D}.Debug|Any CPU.ActiveCfg = Debug|Any CPU
		{4D769EEA-9E99-4157-904D-EAD88E776B9D}.Debug|Any CPU.Build.0 = Debug|Any CPU
		{4D769EEA-9E99-4157-904D-EAD88E776B9D}.Release|Any CPU.ActiveCfg = Release|Any CPU
		{4D769EEA-9E99-4157-904D-EAD88E776B9D}.Release|Any CPU.Build.0 = Release|Any CPU
		{369A5881-94A5-4C35-8BD1-D8C3676B6F56}.Debug|Any CPU.ActiveCfg = Debug|Any CPU
		{369A5881-94A5-4C35-8BD1-D8C3676B6F56}.Debug|Any CPU.Build.0 = Debug|Any CPU
		{369A5881-94A5-4C35-8BD1-D8C3676B6F56}.Release|Any CPU.ActiveCfg = Release|Any CPU
		{369A5881-94A5-4C35-8BD1-D8C3676B6F56}.Release|Any CPU.Build.0 = Release|Any CPU
		{470E7AB5-7DA6-415E-B641-83172B0BEB96}.Debug|Any CPU.ActiveCfg = Debug|Any CPU
		{470E7AB5-7DA6-415E-B641-83172B0BEB96}.Debug|Any CPU.Build.0 = Debug|Any CPU
		{470E7AB5-7DA6-415E-B641-83172B0BEB96}.Release|Any CPU.ActiveCfg = Release|Any CPU
		{470E7AB5-7DA6-415E-B641-83172B0BEB96}.Release|Any CPU.Build.0 = Release|Any CPU
		{F5621FE2-9A4F-43ED-BAF0-D36A2C09E037}.Debug|Any CPU.ActiveCfg = Debug|Any CPU
		{F5621FE2-9A4F-43ED-BAF0-D36A2C09E037}.Debug|Any CPU.Build.0 = Debug|Any CPU
		{F5621FE2-9A4F-43ED-BAF0-D36A2C09E037}.Release|Any CPU.ActiveCfg = Release|Any CPU
		{F5621FE2-9A4F-43ED-BAF0-D36A2C09E037}.Release|Any CPU.Build.0 = Release|Any CPU
	EndGlobalSection
	GlobalSection(SolutionProperties) = preSolution
		HideSolutionNode = FALSE
	EndGlobalSection
	GlobalSection(NestedProjects) = preSolution
		{8E85F281-605C-42F8-843B-3267401D79F4} = {C32C8A7C-BF8A-4656-8A85-6C055D21C739}
		{C06F2E7A-25D4-4EB1-AE9F-DD7FE763F3EC} = {C32C8A7C-BF8A-4656-8A85-6C055D21C739}
		{948ED5F3-3AAC-4882-8E3B-9E0A23BEBCBE} = {C32C8A7C-BF8A-4656-8A85-6C055D21C739}
		{4D769EEA-9E99-4157-904D-EAD88E776B9D} = {C32C8A7C-BF8A-4656-8A85-6C055D21C739}
		{369A5881-94A5-4C35-8BD1-D8C3676B6F56} = {C32C8A7C-BF8A-4656-8A85-6C055D21C739}
		{470E7AB5-7DA6-415E-B641-83172B0BEB96} = {E0049658-FB24-48F0-875A-EB0376AA99A1}
		{F5621FE2-9A4F-43ED-BAF0-D36A2C09E037} = {E0049658-FB24-48F0-875A-EB0376AA99A1}
	EndGlobalSection
	GlobalSection(ExtensibilityGlobals) = postSolution
		SolutionGuid = {17D700CB-3FB3-456B-943B-3C418B7C098B}
	EndGlobalSection
EndGlobal
