
Microsoft Visual Studio Solution File, Format Version 12.00
# Visual Studio Version 17
VisualStudioVersion = 17.8.34330.188
MinimumVisualStudioVersion = 10.0.40219.1
Project("{9A19103F-16F7-4668-BE54-9A1E7A4F7556}") = "Expressions.Task3.E3SQueryProvider.Test", "Expressions.Task3.E3SQueryProvider.Test\Expressions.Task3.E3SQueryProvider.Test.csproj", "{EF141F13-6920-42EA-87CD-C510F5CE1836}"
EndProject
Project("{9A19103F-16F7-4668-BE54-9A1E7A4F7556}") = "Expressions.Task3.E3SQueryProvider", "Expressions.Task3.E3SQueryProvider\Expressions.Task3.E3SQueryProvider.csproj", "{BDDFA5E9-8D68-4FD5-B150-178A6571E119}"
EndProject
Project("{FAE04EC0-301F-11D3-BF4B-00C04F79EFBC}") = "Expressions.Task3.E3SConsoleApp", "Expressions.Task3.E3SConsoleApp\Expressions.Task3.E3SConsoleApp.csproj", "{458FD01A-D355-4ECD-883C-DA96D0BE0EFD}"
EndProject
Global
	GlobalSection(SolutionConfigurationPlatforms) = preSolution
		Debug|Any CPU = Debug|Any CPU
		Release|Any CPU = Release|Any CPU
	EndGlobalSection
	GlobalSection(ProjectConfigurationPlatforms) = postSolution
		{EF141F13-6920-42EA-87CD-C510F5CE1836}.Debug|Any CPU.ActiveCfg = Debug|Any CPU
		{EF141F13-6920-42EA-87CD-C510F5CE1836}.Debug|Any CPU.Build.0 = Debug|Any CPU
		{EF141F13-6920-42EA-87CD-C510F5CE1836}.Release|Any CPU.ActiveCfg = Release|Any CPU
		{EF141F13-6920-42EA-87CD-C510F5CE1836}.Release|Any CPU.Build.0 = Release|Any CPU
		{BDDFA5E9-8D68-4FD5-B150-178A6571E119}.Debug|Any CPU.ActiveCfg = Debug|Any CPU
		{BDDFA5E9-8D68-4FD5-B150-178A6571E119}.Debug|Any CPU.Build.0 = Debug|Any CPU
		{BDDFA5E9-8D68-4FD5-B150-178A6571E119}.Release|Any CPU.ActiveCfg = Release|Any CPU
		{BDDFA5E9-8D68-4FD5-B150-178A6571E119}.Release|Any CPU.Build.0 = Release|Any CPU
		{458FD01A-D355-4ECD-883C-DA96D0BE0EFD}.Debug|Any CPU.ActiveCfg = Debug|Any CPU
		{458FD01A-D355-4ECD-883C-DA96D0BE0EFD}.Debug|Any CPU.Build.0 = Debug|Any CPU
		{458FD01A-D355-4ECD-883C-DA96D0BE0EFD}.Release|Any CPU.ActiveCfg = Release|Any CPU
		{458FD01A-D355-4ECD-883C-DA96D0BE0EFD}.Release|Any CPU.Build.0 = Release|Any CPU
	EndGlobalSection
	GlobalSection(SolutionProperties) = preSolution
		HideSolutionNode = FALSE
	EndGlobalSection
	GlobalSection(ExtensibilityGlobals) = postSolution
		SolutionGuid = {4DB4CB05-C2E4-40B1-BF18-1DF82A5C34CB}
	EndGlobalSection
EndGlobal
